
Microsoft Visual Studio Solution File, Format Version 12.00
# Visual Studio Version 16
VisualStudioVersion = 16.0.28315.86
MinimumVisualStudioVersion = 10.0.40219.1
Project("{2150E333-8FDC-42A3-9474-1A3956D46DE8}") = "Engine", "Engine", "{8BD21151-E244-43AA-9387-D78007A657AA}"
EndProject
Project("{2150E333-8FDC-42A3-9474-1A3956D46DE8}") = "Games", "Games", "{E0093D94-AA28-4660-81A9-D281FA20DE50}"
EndProject
Project("{8BC9CEB8-8B4A-11D0-8D11-00A0C91BC942}") = "UE4", "Intermediate\ProjectFiles\UE4.vcxproj", "{AC3C2486-2192-4BB8-B9B9-534D711905B9}"
EndProject
Project("{8BC9CEB8-8B4A-11D0-8D11-00A0C91BC942}") = "LiveDesktopWallpaper", "Intermediate\ProjectFiles\LiveDesktopWallpaper.vcxproj", "{1A547C1E-83F4-4365-AED5-6C75C7EE9247}"
EndProject
Project("{2150E333-8FDC-42A3-9474-1A3956D46DE8}") = "Visualizers", "Visualizers", "{328C2B9B-9C3F-4F98-9129-C183D75EFAAF}"
	ProjectSection(SolutionItems) = preProject
		..\..\..\..\UE24\UE_4.24\Engine\Extras\VisualStudioDebugging\UE4.natvis = ..\..\..\..\UE24\UE_4.24\Engine\Extras\VisualStudioDebugging\UE4.natvis
	EndProjectSection
EndProject
Global
	GlobalSection(SolutionConfigurationPlatforms) = preSolution
		DebugGame Editor|Android = DebugGame Editor|Android
		DebugGame Editor|Win32 = DebugGame Editor|Win32
		DebugGame Editor|Win64 = DebugGame Editor|Win64
		DebugGame|Android = DebugGame|Android
		DebugGame|Win32 = DebugGame|Win32
		DebugGame|Win64 = DebugGame|Win64
		Development Editor|Android = Development Editor|Android
		Development Editor|Win32 = Development Editor|Win32
		Development Editor|Win64 = Development Editor|Win64
		Development|Android = Development|Android
		Development|Win32 = Development|Win32
		Development|Win64 = Development|Win64
		Shipping|Android = Shipping|Android
		Shipping|Win32 = Shipping|Win32
		Shipping|Win64 = Shipping|Win64
	EndGlobalSection
	GlobalSection(ProjectConfigurationPlatforms) = postSolution
		{AC3C2486-2192-4BB8-B9B9-534D711905B9}.DebugGame Editor|Android.ActiveCfg = BuiltWithUnrealBuildTool|Win32
		{AC3C2486-2192-4BB8-B9B9-534D711905B9}.DebugGame Editor|Win32.ActiveCfg = BuiltWithUnrealBuildTool|Win32
		{AC3C2486-2192-4BB8-B9B9-534D711905B9}.DebugGame Editor|Win64.ActiveCfg = BuiltWithUnrealBuildTool|Win32
		{AC3C2486-2192-4BB8-B9B9-534D711905B9}.DebugGame|Android.ActiveCfg = BuiltWithUnrealBuildTool|Win32
		{AC3C2486-2192-4BB8-B9B9-534D711905B9}.DebugGame|Win32.ActiveCfg = BuiltWithUnrealBuildTool|Win32
		{AC3C2486-2192-4BB8-B9B9-534D711905B9}.DebugGame|Win64.ActiveCfg = BuiltWithUnrealBuildTool|Win32
		{AC3C2486-2192-4BB8-B9B9-534D711905B9}.Development Editor|Android.ActiveCfg = BuiltWithUnrealBuildTool|Win32
		{AC3C2486-2192-4BB8-B9B9-534D711905B9}.Development Editor|Win32.ActiveCfg = BuiltWithUnrealBuildTool|Win32
		{AC3C2486-2192-4BB8-B9B9-534D711905B9}.Development Editor|Win64.ActiveCfg = BuiltWithUnrealBuildTool|Win32
		{AC3C2486-2192-4BB8-B9B9-534D711905B9}.Development|Android.ActiveCfg = BuiltWithUnrealBuildTool|Win32
		{AC3C2486-2192-4BB8-B9B9-534D711905B9}.Development|Win32.ActiveCfg = BuiltWithUnrealBuildTool|Win32
		{AC3C2486-2192-4BB8-B9B9-534D711905B9}.Development|Win64.ActiveCfg = BuiltWithUnrealBuildTool|Win32
		{AC3C2486-2192-4BB8-B9B9-534D711905B9}.Shipping|Android.ActiveCfg = BuiltWithUnrealBuildTool|Win32
		{AC3C2486-2192-4BB8-B9B9-534D711905B9}.Shipping|Win32.ActiveCfg = BuiltWithUnrealBuildTool|Win32
		{AC3C2486-2192-4BB8-B9B9-534D711905B9}.Shipping|Win64.ActiveCfg = BuiltWithUnrealBuildTool|Win32
		{1A547C1E-83F4-4365-AED5-6C75C7EE9247}.DebugGame Editor|Android.ActiveCfg = Invalid|Win32
		{1A547C1E-83F4-4365-AED5-6C75C7EE9247}.DebugGame Editor|Win32.ActiveCfg = Invalid|Win32
		{1A547C1E-83F4-4365-AED5-6C75C7EE9247}.DebugGame Editor|Win64.ActiveCfg = DebugGame_Editor|x64
		{1A547C1E-83F4-4365-AED5-6C75C7EE9247}.DebugGame Editor|Win64.Build.0 = DebugGame_Editor|x64
		{1A547C1E-83F4-4365-AED5-6C75C7EE9247}.DebugGame|Android.ActiveCfg = Android_DebugGame|Win32
		{1A547C1E-83F4-4365-AED5-6C75C7EE9247}.DebugGame|Android.Build.0 = Android_DebugGame|Win32
		{1A547C1E-83F4-4365-AED5-6C75C7EE9247}.DebugGame|Win32.ActiveCfg = DebugGame|Win32
		{1A547C1E-83F4-4365-AED5-6C75C7EE9247}.DebugGame|Win32.Build.0 = DebugGame|Win32
		{1A547C1E-83F4-4365-AED5-6C75C7EE9247}.DebugGame|Win64.ActiveCfg = DebugGame|x64
		{1A547C1E-83F4-4365-AED5-6C75C7EE9247}.DebugGame|Win64.Build.0 = DebugGame|x64
		{1A547C1E-83F4-4365-AED5-6C75C7EE9247}.Development Editor|Android.ActiveCfg = Invalid|Win32
		{1A547C1E-83F4-4365-AED5-6C75C7EE9247}.Development Editor|Win32.ActiveCfg = Invalid|Win32
		{1A547C1E-83F4-4365-AED5-6C75C7EE9247}.Development Editor|Win64.ActiveCfg = Development_Editor|x64
		{1A547C1E-83F4-4365-AED5-6C75C7EE9247}.Development Editor|Win64.Build.0 = Development_Editor|x64
		{1A547C1E-83F4-4365-AED5-6C75C7EE9247}.Development|Android.ActiveCfg = Android_Development|Win32
		{1A547C1E-83F4-4365-AED5-6C75C7EE9247}.Development|Android.Build.0 = Android_Development|Win32
		{1A547C1E-83F4-4365-AED5-6C75C7EE9247}.Development|Win32.ActiveCfg = Development|Win32
		{1A547C1E-83F4-4365-AED5-6C75C7EE9247}.Development|Win32.Build.0 = Development|Win32
		{1A547C1E-83F4-4365-AED5-6C75C7EE9247}.Development|Win64.ActiveCfg = Development|x64
		{1A547C1E-83F4-4365-AED5-6C75C7EE9247}.Development|Win64.Build.0 = Development|x64
		{1A547C1E-83F4-4365-AED5-6C75C7EE9247}.Shipping|Android.ActiveCfg = Android_Shipping|Win32
		{1A547C1E-83F4-4365-AED5-6C75C7EE9247}.Shipping|Android.Build.0 = Android_Shipping|Win32
		{1A547C1E-83F4-4365-AED5-6C75C7EE9247}.Shipping|Win32.ActiveCfg = Shipping|Win32
		{1A547C1E-83F4-4365-AED5-6C75C7EE9247}.Shipping|Win32.Build.0 = Shipping|Win32
		{1A547C1E-83F4-4365-AED5-6C75C7EE9247}.Shipping|Win64.ActiveCfg = Shipping|x64
		{1A547C1E-83F4-4365-AED5-6C75C7EE9247}.Shipping|Win64.Build.0 = Shipping|x64
	EndGlobalSection
	GlobalSection(SolutionProperties) = preSolution
		HideSolutionNode = FALSE
	EndGlobalSection
	GlobalSection(NestedProjects) = preSolution
		{AC3C2486-2192-4BB8-B9B9-534D711905B9} = {8BD21151-E244-43AA-9387-D78007A657AA}
		{1A547C1E-83F4-4365-AED5-6C75C7EE9247} = {E0093D94-AA28-4660-81A9-D281FA20DE50}
	EndGlobalSection
EndGlobal
